
Microsoft Visual Studio Solution File, Format Version 12.00
# Visual Studio Version 17
VisualStudioVersion = 17.8.34330.188
MinimumVisualStudioVersion = 10.0.40219.1
Project("{FAE04EC0-301F-11D3-BF4B-00C04F79EFBC}") = "operators", "operators\operators.csproj", "{73F03F85-5134-428E-BD72-133F7737B086}"
EndProject
Global
	GlobalSection(SolutionConfigurationPlatforms) = preSolution
		Debug|Any CPU = Debug|Any CPU
		Release|Any CPU = Release|Any CPU
	EndGlobalSection
	GlobalSection(ProjectConfigurationPlatforms) = postSolution
		{73F03F85-5134-428E-BD72-133F7737B086}.Debug|Any CPU.ActiveCfg = Debug|Any CPU
		{73F03F85-5134-428E-BD72-133F7737B086}.Debug|Any CPU.Build.0 = Debug|Any CPU
		{73F03F85-5134-428E-BD72-133F7737B086}.Release|Any CPU.ActiveCfg = Release|Any CPU
		{73F03F85-5134-428E-BD72-133F7737B086}.Release|Any CPU.Build.0 = Release|Any CPU
	EndGlobalSection
	GlobalSection(SolutionProperties) = preSolution
		HideSolutionNode = FALSE
	EndGlobalSection
	GlobalSection(ExtensibilityGlobals) = postSolution
		SolutionGuid = {B9ECF08E-BEEF-4665-9DFC-6F118FADE4C0}
	EndGlobalSection
EndGlobal
